# THIS IS AN AUTOGENERATED FILE. DO NOT EDIT THIS FILE DIRECTLY.
# yarn lockfile v1


"@sailshq/lodash@3.10.2":
  version "3.10.2"
  resolved "http://registry.npmjs.org/@sailshq/lodash/-/lodash-3.10.2.tgz#1567d47345364c2c2e2077bc113487b1dfe62154"

async@1.5.2:
  version "1.5.2"
  resolved "https://registry.yarnpkg.com/async/-/async-1.5.2.tgz#ec6a61ae56480c0c3cb241c95618e20892f9672a"

async@2.0.1:
  version "2.0.1"
  resolved "https://registry.yarnpkg.com/async/-/async-2.0.1.tgz#b709cc0280a9c36f09f4536be823c838a9049e25"
  dependencies:
    lodash "^4.8.0"

bson@~0.4.23:
  version "0.4.23"
  resolved "https://registry.yarnpkg.com/bson/-/bson-0.4.23.tgz#e65a2e3c7507ffade4109bc7575a76e50f8da915"

core-util-is@~1.0.0:
  version "1.0.2"
  resolved "https://registry.yarnpkg.com/core-util-is/-/core-util-is-1.0.2.tgz#b5fd54220aa2bc5ab57aab7140c940754503c1a7"

es6-promise@3.0.2:
  version "3.0.2"
  resolved "https://registry.yarnpkg.com/es6-promise/-/es6-promise-3.0.2.tgz#010d5858423a5f118979665f46486a95c6ee2bb6"

inherits@~2.0.1:
  version "2.0.3"
  resolved "https://registry.yarnpkg.com/inherits/-/inherits-2.0.3.tgz#633c2c83e3da42a502f52466022480f4208261de"

isarray@0.0.1:
  version "0.0.1"
  resolved "https://registry.yarnpkg.com/isarray/-/isarray-0.0.1.tgz#8a18acfca9a8f4177e09abfc6038939b05d1eedf"

lodash@3.10.1:
  version "3.10.1"
  resolved "https://registry.yarnpkg.com/lodash/-/lodash-3.10.1.tgz#5bf45e8e49ba4189e17d482789dfd15bd140b7b6"

lodash@^4.8.0:
  version "4.17.5"
  resolved "https://registry.yarnpkg.com/lodash/-/lodash-4.17.5.tgz#99a92d65c0272debe8c96b6057bc8fbfa3bed511"

mongodb-core@1.3.20:
  version "1.3.20"
  resolved "https://registry.yarnpkg.com/mongodb-core/-/mongodb-core-1.3.20.tgz#7bab2f91c608f1e86055fd999ae28e4173d98507"
  dependencies:
    bson "~0.4.23"
    require_optional "~1.0.0"

mongodb@2.1.20:
  version "2.1.20"
  resolved "https://registry.yarnpkg.com/mongodb/-/mongodb-2.1.20.tgz#3a6ca32f8150bcc6d0b962bd804d61032bfb8787"
  dependencies:
    es6-promise "3.0.2"
    mongodb-core "1.3.20"
    readable-stream "1.0.31"

readable-stream@1.0.31:
  version "1.0.31"
  resolved "https://registry.yarnpkg.com/readable-stream/-/readable-stream-1.0.31.tgz#8f2502e0bc9e3b0da1b94520aabb4e2603ecafae"
  dependencies:
    core-util-is "~1.0.0"
    inherits "~2.0.1"
    isarray "0.0.1"
    string_decoder "~0.10.x"

require_optional@~1.0.0:
  version "1.0.1"
  resolved "https://registry.yarnpkg.com/require_optional/-/require_optional-1.0.1.tgz#4cf35a4247f64ca3df8c2ef208cc494b1ca8fc2e"
  dependencies:
    resolve-from "^2.0.0"
    semver "^5.1.0"

resolve-from@^2.0.0:
  version "2.0.0"
  resolved "https://registry.yarnpkg.com/resolve-from/-/resolve-from-2.0.0.tgz#9480ab20e94ffa1d9e80a804c7ea147611966b57"

sails-mongo@^0.12.2:
  version "0.12.2"
  resolved "https://registry.yarnpkg.com/sails-mongo/-/sails-mongo-0.12.2.tgz#475b9e508d380f8787a0e6b1dfebbd607f4f66e3"
  dependencies:
    "@sailshq/lodash" "3.10.2"
    async "2.0.1"
    mongodb "2.1.20"
    validator "4.5.1"
    waterline-cursor "0.0.7"
    waterline-errors "0.10.1"

semver@^5.1.0:
  version "5.5.0"
  resolved "https://registry.yarnpkg.com/semver/-/semver-5.5.0.tgz#dc4bbc7a6ca9d916dee5d43516f0092b58f7b8ab"

string_decoder@~0.10.x:
  version "0.10.31"
  resolved "https://registry.yarnpkg.com/string_decoder/-/string_decoder-0.10.31.tgz#62e203bc41766c6c28c9fc84301dab1c5310fa94"

validator@4.5.1:
  version "4.5.1"
  resolved "https://registry.yarnpkg.com/validator/-/validator-4.5.1.tgz#40ae97630ee52cd96f437f0d49a9daab5c0b1baf"

waterline-cursor@0.0.7:
  version "0.0.7"
  resolved "https://registry.yarnpkg.com/waterline-cursor/-/waterline-cursor-0.0.7.tgz#ccd9cfed661d94af6027495942b5fa27ad65feb3"
  dependencies:
    async "1.5.2"
    lodash "3.10.1"

waterline-errors@0.10.1:
  version "0.10.1"
  resolved "https://registry.yarnpkg.com/waterline-errors/-/waterline-errors-0.10.1.tgz#ee63632aadde993271b7514b7ca98d9fd5b86a2e"
